<?xml version="1.0" encoding="utf-8"?>
<Project xmlns="http://schemas.microsoft.com/developer/msbuild/2003">
  <ItemGroup>
    <Filter Include="Generated Files">
      <UniqueIdentifier>{71ED8ED8-ACB9-4CE9-BBE1-E00B30144E11}</UniqueIdentifier>
      <Extensions>cpp;c;cxx;moc;h;def;odl;idl;res;</Extensions>
    </Filter>
    <Filter Include="Generated Files">
      <UniqueIdentifier>{71ED8ED8-ACB9-4CE9-BBE1-E00B30144E11}</UniqueIdentifier>
      <Extensions>cpp;c;cxx;moc;h;def;odl;idl;res;</Extensions>
    </Filter>
    <Filter Include="Header Files">
      <UniqueIdentifier>{93995380-89BD-4b04-88EB-625FBE52EBFB}</UniqueIdentifier>
      <Extensions>h;hpp;hxx;hm;inl;inc;xsd</Extensions>
    </Filter>
    <Filter Include="Header Files">
      <UniqueIdentifier>{93995380-89BD-4b04-88EB-625FBE52EBFB}</UniqueIdentifier>
      <Extensions>h;hpp;hxx;hm;inl;inc;xsd</Extensions>
    </Filter>
    <Filter Include="Resource Files">
      <UniqueIdentifier>{D9D6E242-F8AF-46E4-B9FD-80ECBC20BA3E}</UniqueIdentifier>
      <Extensions>qrc;*</Extensions>
      <ParseFiles>false</ParseFiles>
    </Filter>
    <Filter Include="Resource Files">
      <UniqueIdentifier>{D9D6E242-F8AF-46E4-B9FD-80ECBC20BA3E}</UniqueIdentifier>
      <Extensions>qrc;*</Extensions>
      <ParseFiles>false</ParseFiles>
    </Filter>
    <Filter Include="Source Files">
      <UniqueIdentifier>{4FC737F1-C7A5-4376-A066-2A32D752A2FF}</UniqueIdentifier>
      <Extensions>cpp;c;cxx;def;odl;idl;hpj;bat;asm;asmx</Extensions>
    </Filter>
    <Filter Include="Source Files">
      <UniqueIdentifier>{4FC737F1-C7A5-4376-A066-2A32D752A2FF}</UniqueIdentifier>
      <Extensions>cpp;c;cxx;def;odl;idl;hpj;bat;asm;asmx</Extensions>
    </Filter>
    <Filter Include="Translation Files">
      <UniqueIdentifier>{639EADAA-A684-42e4-A9AD-28FC9BCB8F7C}</UniqueIdentifier>
      <Extensions>ts</Extensions>
      <ParseFiles>false</ParseFiles>
    </Filter>
  </ItemGroup>
  <ItemGroup>
    <ClCompile Include="src\captionbutton.cpp">
      <Filter>Source Files</Filter>
    </ClCompile>
    <ClCompile Include="src\iconwidget.cpp">
      <Filter>Source Files</Filter>
    </ClCompile>
    <ClCompile Include="src\main.cpp">
      <Filter>Source Files</Filter>
    </ClCompile>
    <ClCompile Include="QGoodWindow\QGoodWindowSource\qgoodwindow.cpp">
      <Filter>Source Files</Filter>
    </ClCompile>
    <ClCompile Include="QGoodWindow\QGoodWindowSource\shadow.cpp">
      <Filter>Source Files</Filter>
    </ClCompile>
    <ClCompile Include="src\titlebar.cpp">
      <Filter>Source Files</Filter>
    </ClCompile>
    <ClCompile Include="src\titlewidget.cpp">
      <Filter>Source Files</Filter>
    </ClCompile>
    <ClCompile Include="QGoodWindow\QGoodWindowSource\winwidget.cpp">
      <Filter>Source Files</Filter>
    </ClCompile>
    <ClCompile Include="src\tx4.cpp">
      <Filter>Generated Files</Filter>
    </ClCompile>
    <ClCompile Include="src\tx4_events_section.cpp">
      <Filter>Generated Files</Filter>
    </ClCompile>
    <ClCompile Include="src\tx4_label.cpp">
      <Filter>Generated Files</Filter>
    </ClCompile>
    <ClCompile Include="src\tx4_event.cpp">
      <Filter>Generated Files</Filter>
    </ClCompile>
    <ClCompile Include="src\tx4_event_preview.cpp">
      <Filter>Generated Files</Filter>
    </ClCompile>
    <ClCompile Include="src\tx4_grid_layout.cpp">
      <Filter>Generated Files</Filter>
    </ClCompile>
    <ClCompile Include="src\tx4_queue_entry.cpp">
      <Filter>Generated Files</Filter>
    </ClCompile>
    <ClCompile Include="src\tx4_preview_bar.cpp">
      <Filter>Generated Files</Filter>
    </ClCompile>
    <ClCompile Include="src\tx4_shortcuts.cpp">
      <Filter>Generated Files</Filter>
    </ClCompile>
    <ClCompile Include="src\tx4_meta_info.cpp">
      <Filter>Generated Files</Filter>
    </ClCompile>
    <ClCompile Include="src\tx4_toolbar.cpp">
      <Filter>Generated Files</Filter>
    </ClCompile>
    <ClCompile Include="src\tx4_toolbar_button.cpp">
      <Filter>Generated Files</Filter>
    </ClCompile>
    <ClCompile Include="src\tx4_worker.cpp">
      <Filter>Generated Files</Filter>
    </ClCompile>
    <ClCompile Include="src\tx4_dir.cpp">
      <Filter>Generated Files</Filter>
    </ClCompile>
    <ClCompile Include="src\tx4_nav_button.cpp">
      <Filter>Generated Files</Filter>
    </ClCompile>
    <ClCompile Include="src\tx4_viewer.cpp">
      <Filter>Generated Files</Filter>
    </ClCompile>
    <ClCompile Include="src\tx4_view.cpp">
      <Filter>Generated Files</Filter>
    </ClCompile>
    <ClCompile Include="src\tx4_control_bar.cpp">
      <Filter>Generated Files</Filter>
    </ClCompile>
  </ItemGroup>
  <ItemGroup>
    <QtMoc Include="src\captionbutton.h">
      <Filter>Header Files</Filter>
    </QtMoc>
    <ClInclude Include="QGoodWindow\QGoodWindowSource\common.h">
      <Filter>Header Files</Filter>
    </ClInclude>
    <QtMoc Include="src\iconwidget.h">
      <Filter>Header Files</Filter>
    </QtMoc>
    <QtMoc Include="QGoodWindow\QGoodWindowSource\qgoodwindow.h">
      <Filter>Header Files</Filter>
    </QtMoc>
    <QtMoc Include="QGoodWindow\QGoodWindowSource\shadow.h">
      <Filter>Header Files</Filter>
    </QtMoc>
    <QtMoc Include="src\titlebar.h">
      <Filter>Header Files</Filter>
    </QtMoc>
    <QtMoc Include="src\titlewidget.h">
      <Filter>Header Files</Filter>
    </QtMoc>
    <QtMoc Include="QGoodWindow\QGoodWindowSource\winwidget.h">
      <Filter>Header Files</Filter>
    </QtMoc>
    <QtMoc Include="src\tx4.h">
      <Filter>Generated Files</Filter>
    </QtMoc>
    <QtMoc Include="src\tx4_events_section.h">
      <Filter>Generated Files</Filter>
    </QtMoc>
    <QtMoc Include="src\tx4_label.h">
      <Filter>Generated Files</Filter>
    </QtMoc>
    <QtMoc Include="src\tx4_event.h">
      <Filter>Generated Files</Filter>
    </QtMoc>
    <QtMoc Include="src\tx4_event_preview.h">
      <Filter>Generated Files</Filter>
    </QtMoc>
    <QtMoc Include="src\tx4_grid_layout.h">
      <Filter>Generated Files</Filter>
    </QtMoc>
    <QtMoc Include="src\tx4_queue_entry.h">
      <Filter>Generated Files</Filter>
    </QtMoc>
    <QtMoc Include="src\tx4_preview_bar.h">
      <Filter>Generated Files</Filter>
    </QtMoc>
    <QtMoc Include="src\tx4_shortcuts.h">
      <Filter>Generated Files</Filter>
    </QtMoc>
    <QtMoc Include="src\tx4_meta_info.h">
      <Filter>Generated Files</Filter>
    </QtMoc>
    <QtMoc Include="src\tx4_toolbar.h">
      <Filter>Generated Files</Filter>
    </QtMoc>
    <QtMoc Include="src\tx4_toolbar_button.h">
      <Filter>Generated Files</Filter>
    </QtMoc>
    <QtMoc Include="src\tx4_dir.h">
      <Filter>Generated Files</Filter>
    </QtMoc>
    <QtMoc Include="src\tx4_nav_button.h">
      <Filter>Generated Files</Filter>
    </QtMoc>
    <QtMoc Include="src\tx4_viewer.h">
      <Filter>Generated Files</Filter>
    </QtMoc>
    <QtMoc Include="src\tx4_view.h">
      <Filter>Generated Files</Filter>
    </QtMoc>
    <QtMoc Include="src\tx4_control_bar.h">
      <Filter>Generated Files</Filter>
    </QtMoc>
  </ItemGroup>
  <ItemGroup>
    <CustomBuild Include="release\moc_predefs.h.cbt">
      <Filter>Generated Files</Filter>
    </CustomBuild>
  </ItemGroup>
  <ItemGroup>
    <None Include="icons\back-100-invisible.png">
      <Filter>Resource Files</Filter>
    </None>
    <None Include="icons\back-100.png">
      <Filter>Resource Files</Filter>
    </None>
    <None Include="icons\close-active-dark.ico">
      <Filter>Resource Files</Filter>
    </None>
    <None Include="icons\close-active-light.ico">
      <Filter>Resource Files</Filter>
    </None>
    <None Include="icons\close-inactive-dark.ico">
      <Filter>Resource Files</Filter>
    </None>
    <None Include="icons\close-inactive-light.ico">
      <Filter>Resource Files</Filter>
    </None>
    <None Include="icons\forward-100-invisible.png">
      <Filter>Resource Files</Filter>
    </None>
    <None Include="icons\forward-100.png">
      <Filter>Resource Files</Filter>
    </None>
    <None Include="icons\icons8-multiply-50-2.png">
      <Filter>Resource Files</Filter>
    </None>
    <None Include="icons\icons8-multiply-50.png">
      <Filter>Resource Files</Filter>
    </None>
    <None Include="icons\maximize-active-dark.ico">
      <Filter>Resource Files</Filter>
    </None>
    <None Include="icons\maximize-active-light.ico">
      <Filter>Resource Files</Filter>
    </None>
    <None Include="icons\maximize-inactive-dark.ico">
      <Filter>Resource Files</Filter>
    </None>
    <None Include="icons\maximize-inactive-light.ico">
      <Filter>Resource Files</Filter>
    </None>
    <None Include="icons\minimize-active-dark.ico">
      <Filter>Resource Files</Filter>
    </None>
    <None Include="icons\minimize-active-light.ico">
      <Filter>Resource Files</Filter>
    </None>
    <None Include="icons\minimize-inactive-dark.ico">
      <Filter>Resource Files</Filter>
    </None>
    <None Include="icons\minimize-inactive-light.ico">
      <Filter>Resource Files</Filter>
    </None>
    <QtRcc Include="res.qrc">
      <Filter>Resource Files</Filter>
    </QtRcc>
    <None Include="icons\restore-active-dark.ico">
      <Filter>Resource Files</Filter>
    </None>
    <None Include="icons\restore-active-light.ico">
      <Filter>Resource Files</Filter>
    </None>
    <None Include="icons\restore-inactive-dark.ico">
      <Filter>Resource Files</Filter>
    </None>
    <None Include="icons\restore-inactive-light.ico">
      <Filter>Resource Files</Filter>
    </None>
    <None Include="tx4.pro" />
    <None Include=".qmake.stash" />
    <None Include="locale\tx4_ko.qm" />
    <None Include="locale\tx4_en.qm" />
    <None Include="locale\tx4_fi.qm" />
    <None Include="_workspaces.db" />
  </ItemGroup>
  <ItemGroup>
    <ClInclude Include="src\tx4_util.h">
      <Filter>Generated Files</Filter>
    </ClInclude>
    <ClInclude Include="src\tx4_worker.h">
      <Filter>Generated Files</Filter>
    </ClInclude>
    <ClInclude Include="libs\taglib\include\taglib\aifffile.h">
      <Filter>Generated Files</Filter>
    </ClInclude>
    <ClInclude Include="libs\taglib\include\taglib\aiffproperties.h">
      <Filter>Generated Files</Filter>
    </ClInclude>
    <ClInclude Include="libs\taglib\include\taglib\apefile.h">
      <Filter>Generated Files</Filter>
    </ClInclude>
    <ClInclude Include="libs\taglib\include\taglib\apefooter.h">
      <Filter>Generated Files</Filter>
    </ClInclude>
    <ClInclude Include="libs\taglib\include\taglib\apeitem.h">
      <Filter>Generated Files</Filter>
    </ClInclude>
    <ClInclude Include="libs\taglib\include\taglib\apeproperties.h">
      <Filter>Generated Files</Filter>
    </ClInclude>
    <ClInclude Include="libs\taglib\include\taglib\apetag.h">
      <Filter>Generated Files</Filter>
    </ClInclude>
    <ClInclude Include="libs\taglib\include\taglib\asfattribute.h">
      <Filter>Generated Files</Filter>
    </ClInclude>
    <ClInclude Include="libs\taglib\include\taglib\asffile.h">
      <Filter>Generated Files</Filter>
    </ClInclude>
    <ClInclude Include="libs\taglib\include\taglib\asfpicture.h">
      <Filter>Generated Files</Filter>
    </ClInclude>
    <ClInclude Include="libs\taglib\include\taglib\asfproperties.h">
      <Filter>Generated Files</Filter>
    </ClInclude>
    <ClInclude Include="libs\taglib\include\taglib\asftag.h">
      <Filter>Generated Files</Filter>
    </ClInclude>
    <ClInclude Include="libs\taglib\include\taglib\attachedpictureframe.h">
      <Filter>Generated Files</Filter>
    </ClInclude>
    <ClInclude Include="libs\taglib\include\taglib\audioproperties.h">
      <Filter>Generated Files</Filter>
    </ClInclude>
    <ClInclude Include="libs\taglib\include\taglib\chapterframe.h">
      <Filter>Generated Files</Filter>
    </ClInclude>
    <ClInclude Include="libs\taglib\include\taglib\commentsframe.h">
      <Filter>Generated Files</Filter>
    </ClInclude>
    <ClInclude Include="libs\taglib\include\taglib\eventtimingcodesframe.h">
      <Filter>Generated Files</Filter>
    </ClInclude>
    <ClInclude Include="libs\taglib\include\taglib\fileref.h">
      <Filter>Generated Files</Filter>
    </ClInclude>
    <ClInclude Include="libs\taglib\include\taglib\flacfile.h">
      <Filter>Generated Files</Filter>
    </ClInclude>
    <ClInclude Include="libs\taglib\include\taglib\flacmetadatablock.h">
      <Filter>Generated Files</Filter>
    </ClInclude>
    <ClInclude Include="libs\taglib\include\taglib\flacpicture.h">
      <Filter>Generated Files</Filter>
    </ClInclude>
    <ClInclude Include="libs\taglib\include\taglib\flacproperties.h">
      <Filter>Generated Files</Filter>
    </ClInclude>
    <ClInclude Include="libs\taglib\include\taglib\generalencapsulatedobjectframe.h">
      <Filter>Generated Files</Filter>
    </ClInclude>
    <ClInclude Include="libs\taglib\include\taglib\id3v1genres.h">
      <Filter>Generated Files</Filter>
    </ClInclude>
    <ClInclude Include="libs\taglib\include\taglib\id3v1tag.h">
      <Filter>Generated Files</Filter>
    </ClInclude>
    <ClInclude Include="libs\taglib\include\taglib\id3v2.h">
      <Filter>Generated Files</Filter>
    </ClInclude>
    <ClInclude Include="libs\taglib\include\taglib\id3v2extendedheader.h">
      <Filter>Generated Files</Filter>
    </ClInclude>
    <ClInclude Include="libs\taglib\include\taglib\id3v2footer.h">
      <Filter>Generated Files</Filter>
    </ClInclude>
    <ClInclude Include="libs\taglib\include\taglib\id3v2frame.h">
      <Filter>Generated Files</Filter>
    </ClInclude>
    <ClInclude Include="libs\taglib\include\taglib\id3v2framefactory.h">
      <Filter>Generated Files</Filter>
    </ClInclude>
    <ClInclude Include="libs\taglib\include\taglib\id3v2header.h">
      <Filter>Generated Files</Filter>
    </ClInclude>
    <ClInclude Include="libs\taglib\include\taglib\id3v2synchdata.h">
      <Filter>Generated Files</Filter>
    </ClInclude>
    <ClInclude Include="libs\taglib\include\taglib\id3v2tag.h">
      <Filter>Generated Files</Filter>
    </ClInclude>
    <ClInclude Include="libs\taglib\include\taglib\infotag.h">
      <Filter>Generated Files</Filter>
    </ClInclude>
    <ClInclude Include="libs\taglib\include\taglib\itfile.h">
      <Filter>Generated Files</Filter>
    </ClInclude>
    <ClInclude Include="libs\taglib\include\taglib\itproperties.h">
      <Filter>Generated Files</Filter>
    </ClInclude>
    <ClInclude Include="libs\taglib\include\taglib\modfile.h">
      <Filter>Generated Files</Filter>
    </ClInclude>
    <ClInclude Include="libs\taglib\include\taglib\modfilebase.h">
      <Filter>Generated Files</Filter>
    </ClInclude>
    <ClInclude Include="libs\taglib\include\taglib\modproperties.h">
      <Filter>Generated Files</Filter>
    </ClInclude>
    <ClInclude Include="libs\taglib\include\taglib\modtag.h">
      <Filter>Generated Files</Filter>
    </ClInclude>
    <ClInclude Include="libs\taglib\include\taglib\mp4atom.h">
      <Filter>Generated Files</Filter>
    </ClInclude>
    <ClInclude Include="libs\taglib\include\taglib\mp4coverart.h">
      <Filter>Generated Files</Filter>
    </ClInclude>
    <ClInclude Include="libs\taglib\include\taglib\mp4file.h">
      <Filter>Generated Files</Filter>
    </ClInclude>
    <ClInclude Include="libs\taglib\include\taglib\mp4item.h">
      <Filter>Generated Files</Filter>
    </ClInclude>
    <ClInclude Include="libs\taglib\include\taglib\mp4properties.h">
      <Filter>Generated Files</Filter>
    </ClInclude>
    <ClInclude Include="libs\taglib\include\taglib\mp4tag.h">
      <Filter>Generated Files</Filter>
    </ClInclude>
    <ClInclude Include="libs\taglib\include\taglib\mpcfile.h">
      <Filter>Generated Files</Filter>
    </ClInclude>
    <ClInclude Include="libs\taglib\include\taglib\mpcproperties.h">
      <Filter>Generated Files</Filter>
    </ClInclude>
    <ClInclude Include="libs\taglib\include\taglib\mpegfile.h">
      <Filter>Generated Files</Filter>
    </ClInclude>
    <ClInclude Include="libs\taglib\include\taglib\mpegheader.h">
      <Filter>Generated Files</Filter>
    </ClInclude>
    <ClInclude Include="libs\taglib\include\taglib\mpegproperties.h">
      <Filter>Generated Files</Filter>
    </ClInclude>
    <ClInclude Include="libs\taglib\include\taglib\oggfile.h">
      <Filter>Generated Files</Filter>
    </ClInclude>
    <ClInclude Include="libs\taglib\include\taglib\oggflacfile.h">
      <Filter>Generated Files</Filter>
    </ClInclude>
    <ClInclude Include="libs\taglib\include\taglib\oggpage.h">
      <Filter>Generated Files</Filter>
    </ClInclude>
    <ClInclude Include="libs\taglib\include\taglib\oggpageheader.h">
      <Filter>Generated Files</Filter>
    </ClInclude>
    <ClInclude Include="libs\taglib\include\taglib\opusfile.h">
      <Filter>Generated Files</Filter>
    </ClInclude>
    <ClInclude Include="libs\taglib\include\taglib\opusproperties.h">
      <Filter>Generated Files</Filter>
    </ClInclude>
    <ClInclude Include="libs\taglib\include\taglib\ownershipframe.h">
      <Filter>Generated Files</Filter>
    </ClInclude>
    <ClInclude Include="libs\taglib\include\taglib\podcastframe.h">
      <Filter>Generated Files</Filter>
    </ClInclude>
    <ClInclude Include="libs\taglib\include\taglib\popularimeterframe.h">
      <Filter>Generated Files</Filter>
    </ClInclude>
    <ClInclude Include="libs\taglib\include\taglib\privateframe.h">
      <Filter>Generated Files</Filter>
    </ClInclude>
    <ClInclude Include="libs\taglib\include\taglib\relativevolumeframe.h">
      <Filter>Generated Files</Filter>
    </ClInclude>
    <ClInclude Include="libs\taglib\include\taglib\rifffile.h">
      <Filter>Generated Files</Filter>
    </ClInclude>
    <ClInclude Include="libs\taglib\include\taglib\s3mfile.h">
      <Filter>Generated Files</Filter>
    </ClInclude>
    <ClInclude Include="libs\taglib\include\taglib\s3mproperties.h">
      <Filter>Generated Files</Filter>
    </ClInclude>
    <ClInclude Include="libs\taglib\include\taglib\speexfile.h">
      <Filter>Generated Files</Filter>
    </ClInclude>
    <ClInclude Include="libs\taglib\include\taglib\speexproperties.h">
      <Filter>Generated Files</Filter>
    </ClInclude>
    <ClInclude Include="libs\taglib\include\taglib\synchronizedlyricsframe.h">
      <Filter>Generated Files</Filter>
    </ClInclude>
    <ClInclude Include="libs\taglib\include\taglib\tableofcontentsframe.h">
      <Filter>Generated Files</Filter>
    </ClInclude>
    <ClInclude Include="libs\taglib\include\taglib\tag.h">
      <Filter>Generated Files</Filter>
    </ClInclude>
    <ClInclude Include="libs\taglib\include\taglib\tag_c.h">
      <Filter>Generated Files</Filter>
    </ClInclude>
    <ClInclude Include="libs\taglib\include\taglib\taglib.h">
      <Filter>Generated Files</Filter>
    </ClInclude>
    <ClInclude Include="libs\taglib\include\taglib\taglib_config.h">
      <Filter>Generated Files</Filter>
    </ClInclude>
    <ClInclude Include="libs\taglib\include\taglib\taglib_export.h">
      <Filter>Generated Files</Filter>
    </ClInclude>
    <ClInclude Include="libs\taglib\include\taglib\tbytevector.h">
      <Filter>Generated Files</Filter>
    </ClInclude>
    <ClInclude Include="libs\taglib\include\taglib\tbytevectorlist.h">
      <Filter>Generated Files</Filter>
    </ClInclude>
    <ClInclude Include="libs\taglib\include\taglib\tbytevectorstream.h">
      <Filter>Generated Files</Filter>
    </ClInclude>
    <ClInclude Include="libs\taglib\include\taglib\tdebuglistener.h">
      <Filter>Generated Files</Filter>
    </ClInclude>
    <ClInclude Include="libs\taglib\include\taglib\textidentificationframe.h">
      <Filter>Generated Files</Filter>
    </ClInclude>
    <ClInclude Include="libs\taglib\include\taglib\tfile.h">
      <Filter>Generated Files</Filter>
    </ClInclude>
    <ClInclude Include="libs\taglib\include\taglib\tfilestream.h">
      <Filter>Generated Files</Filter>
    </ClInclude>
    <ClInclude Include="libs\taglib\include\taglib\tiostream.h">
      <Filter>Generated Files</Filter>
    </ClInclude>
    <ClInclude Include="libs\taglib\include\taglib\tlist.h">
      <Filter>Generated Files</Filter>
    </ClInclude>
    <ClInclude Include="libs\taglib\include\taglib\tmap.h">
      <Filter>Generated Files</Filter>
    </ClInclude>
    <ClInclude Include="libs\taglib\include\taglib\tpropertymap.h">
      <Filter>Generated Files</Filter>
    </ClInclude>
    <ClInclude Include="libs\taglib\include\taglib\trefcounter.h">
      <Filter>Generated Files</Filter>
    </ClInclude>
    <ClInclude Include="libs\taglib\include\taglib\trueaudiofile.h">
      <Filter>Generated Files</Filter>
    </ClInclude>
    <ClInclude Include="libs\taglib\include\taglib\trueaudioproperties.h">
      <Filter>Generated Files</Filter>
    </ClInclude>
    <ClInclude Include="libs\taglib\include\taglib\tstring.h">
      <Filter>Generated Files</Filter>
    </ClInclude>
    <ClInclude Include="libs\taglib\include\taglib\tstringlist.h">
      <Filter>Generated Files</Filter>
    </ClInclude>
    <ClInclude Include="libs\taglib\include\taglib\uniquefileidentifierframe.h">
      <Filter>Generated Files</Filter>
    </ClInclude>
    <ClInclude Include="libs\taglib\include\taglib\unknownframe.h">
      <Filter>Generated Files</Filter>
    </ClInclude>
    <ClInclude Include="libs\taglib\include\taglib\unsynchronizedlyricsframe.h">
      <Filter>Generated Files</Filter>
    </ClInclude>
    <ClInclude Include="libs\taglib\include\taglib\urllinkframe.h">
      <Filter>Generated Files</Filter>
    </ClInclude>
    <ClInclude Include="libs\taglib\include\taglib\vorbisfile.h">
      <Filter>Generated Files</Filter>
    </ClInclude>
    <ClInclude Include="libs\taglib\include\taglib\vorbisproperties.h">
      <Filter>Generated Files</Filter>
    </ClInclude>
    <ClInclude Include="libs\taglib\include\taglib\wavfile.h">
      <Filter>Generated Files</Filter>
    </ClInclude>
    <ClInclude Include="libs\taglib\include\taglib\wavpackfile.h">
      <Filter>Generated Files</Filter>
    </ClInclude>
    <ClInclude Include="libs\taglib\include\taglib\wavpackproperties.h">
      <Filter>Generated Files</Filter>
    </ClInclude>
    <ClInclude Include="libs\taglib\include\taglib\wavproperties.h">
      <Filter>Generated Files</Filter>
    </ClInclude>
    <ClInclude Include="libs\taglib\include\taglib\xingheader.h">
      <Filter>Generated Files</Filter>
    </ClInclude>
    <ClInclude Include="libs\taglib\include\taglib\xiphcomment.h">
      <Filter>Generated Files</Filter>
    </ClInclude>
    <ClInclude Include="libs\taglib\include\taglib\xmfile.h">
      <Filter>Generated Files</Filter>
    </ClInclude>
    <ClInclude Include="libs\taglib\include\taglib\xmproperties.h">
      <Filter>Generated Files</Filter>
    </ClInclude>
  </ItemGroup>
  <ItemGroup>
    <QtTranslation Include="locale\tx4_en.ts">
      <Filter>Translation Files</Filter>
    </QtTranslation>
    <QtTranslation Include="locale\tx4_ko.ts">
      <Filter>Translation Files</Filter>
    </QtTranslation>
    <QtTranslation Include="locale\tx4_fi.ts">
      <Filter>Translation Files</Filter>
    </QtTranslation>
  </ItemGroup>
</Project>